
Microsoft Visual Studio Solution File, Format Version 12.00
# Visual Studio Version 16
VisualStudioVersion = 16.0.29230.47
MinimumVisualStudioVersion = 10.0.40219.1
Project("{FAE04EC0-301F-11D3-BF4B-00C04F79EFBC}") = "SumConsoleApp", "SumConsoleApp\SumConsoleApp.csproj", "{7B102ACB-C9BE-4E96-B631-996AE9C58FC9}"
EndProject
Global
	GlobalSection(SolutionConfigurationPlatforms) = preSolution
		Debug|Any CPU = Debug|Any CPU
		Release|Any CPU = Release|Any CPU
	EndGlobalSection
	GlobalSection(ProjectConfigurationPlatforms) = postSolution
		{7B102ACB-C9BE-4E96-B631-996AE9C58FC9}.Debug|Any CPU.ActiveCfg = Debug|Any CPU
		{7B102ACB-C9BE-4E96-B631-996AE9C58FC9}.Debug|Any CPU.Build.0 = Debug|Any CPU
		{7B102ACB-C9BE-4E96-B631-996AE9C58FC9}.Release|Any CPU.ActiveCfg = Release|Any CPU
		{7B102ACB-C9BE-4E96-B631-996AE9C58FC9}.Release|Any CPU.Build.0 = Release|Any CPU
	EndGlobalSection
	GlobalSection(SolutionProperties) = preSolution
		HideSolutionNode = FALSE
	EndGlobalSection
	GlobalSection(ExtensibilityGlobals) = postSolution
		SolutionGuid = {10CE662F-6092-4FD4-9117-A92FAF6F5C85}
	EndGlobalSection
EndGlobal
